// !$*UTF8*$!
{
	archiveVersion = 1;
	classes = {
	};
	objectVersion = 56;
	objects = {

/* Begin PBXBuildFile section */
		732A61472A94293200A22ABF /* CuisineConnectApp.swift in Sources */ = {isa = PBXBuildFile; fileRef = 732A61462A94293200A22ABF /* CuisineConnectApp.swift */; };
		732A61492A94293200A22ABF /* ContentView.swift in Sources */ = {isa = PBXBuildFile; fileRef = 732A61482A94293200A22ABF /* ContentView.swift */; };
		732A614B2A94293700A22ABF /* Assets.xcassets in Resources */ = {isa = PBXBuildFile; fileRef = 732A614A2A94293700A22ABF /* Assets.xcassets */; };
		732A614E2A94293700A22ABF /* Preview Assets.xcassets in Resources */ = {isa = PBXBuildFile; fileRef = 732A614D2A94293700A22ABF /* Preview Assets.xcassets */; };
		732A61582A94293700A22ABF /* CuisineConnectTests.swift in Sources */ = {isa = PBXBuildFile; fileRef = 732A61572A94293700A22ABF /* CuisineConnectTests.swift */; };
		732A61622A94293700A22ABF /* CuisineConnectUITests.swift in Sources */ = {isa = PBXBuildFile; fileRef = 732A61612A94293700A22ABF /* CuisineConnectUITests.swift */; };
		732A61642A94293700A22ABF /* CuisineConnectUITestsLaunchTests.swift in Sources */ = {isa = PBXBuildFile; fileRef = 732A61632A94293700A22ABF /* CuisineConnectUITestsLaunchTests.swift */; };
/* End PBXBuildFile section */

/* Begin PBXContainerItemProxy section */
		732A61542A94293700A22ABF /* PBXContainerItemProxy */ = {
			isa = PBXContainerItemProxy;
			containerPortal = 732A613B2A94293200A22ABF /* Project object */;
			proxyType = 1;
			remoteGlobalIDString = 732A61422A94293200A22ABF;
			remoteInfo = CuisineConnect;
		};
		732A615E2A94293700A22ABF /* PBXContainerItemProxy */ = {
			isa = PBXContainerItemProxy;
			containerPortal = 732A613B2A94293200A22ABF /* Project object */;
			proxyType = 1;
			remoteGlobalIDString = 732A61422A94293200A22ABF;
			remoteInfo = CuisineConnect;
		};
/* End PBXContainerItemProxy section */

/* Begin PBXFileReference section */
		732A61432A94293200A22ABF /* CuisineConnect.app */ = {isa = PBXFileReference; explicitFileType = wrapper.application; includeInIndex = 0; path = CuisineConnect.app; sourceTree = BUILT_PRODUCTS_DIR; };
		732A61462A94293200A22ABF /* CuisineConnectApp.swift */ = {isa = PBXFileReference; lastKnownFileType = sourcecode.swift; path = CuisineConnectApp.swift; sourceTree = "<group>"; };
		732A61482A94293200A22ABF /* ContentView.swift */ = {isa = PBXFileReference; lastKnownFileType = sourcecode.swift; path = ContentView.swift; sourceTree = "<group>"; };
		732A614A2A94293700A22ABF /* Assets.xcassets */ = {isa = PBXFileReference; lastKnownFileType = folder.assetcatalog; path = Assets.xcassets; sourceTree = "<group>"; };
		732A614D2A94293700A22ABF /* Preview Assets.xcassets */ = {isa = PBXFileReference; lastKnownFileType = folder.assetcatalog; path = "Preview Assets.xcassets"; sourceTree = "<group>"; };
		732A61532A94293700A22ABF /* CuisineConnectTests.xctest */ = {isa = PBXFileReference; explicitFileType = wrapper.cfbundle; includeInIndex = 0; path = CuisineConnectTests.xctest; sourceTree = BUILT_PRODUCTS_DIR; };
		732A61572A94293700A22ABF /* CuisineConnectTests.swift */ = {isa = PBXFileReference; lastKnownFileType = sourcecode.swift; path = CuisineConnectTests.swift; sourceTree = "<group>"; };
		732A615D2A94293700A22ABF /* CuisineConnectUITests.xctest */ = {isa = PBXFileReference; explicitFileType = wrapper.cfbundle; includeInIndex = 0; path = CuisineConnectUITests.xctest; sourceTree = BUILT_PRODUCTS_DIR; };
		732A61612A94293700A22ABF /* CuisineConnectUITests.swift */ = {isa = PBXFileReference; lastKnownFileType = sourcecode.swift; path = CuisineConnectUITests.swift; sourceTree = "<group>"; };
		732A61632A94293700A22ABF /* CuisineConnectUITestsLaunchTests.swift */ = {isa = PBXFileReference; lastKnownFileType = sourcecode.swift; path = CuisineConnectUITestsLaunchTests.swift; sourceTree = "<group>"; };
/* End PBXFileReference section */

/* Begin PBXFrameworksBuildPhase section */
		732A61402A94293200A22ABF /* Frameworks */ = {
			isa = PBXFrameworksBuildPhase;
			buildActionMask = 2147483647;
			files = (
			);
			runOnlyForDeploymentPostprocessing = 0;
		};
		732A61502A94293700A22ABF /* Frameworks */ = {
			isa = PBXFrameworksBuildPhase;
			buildActionMask = 2147483647;
			files = (
			);
			runOnlyForDeploymentPostprocessing = 0;
		};
		732A615A2A94293700A22ABF /* Frameworks */ = {
			isa = PBXFrameworksBuildPhase;
			buildActionMask = 2147483647;
			files = (
			);
			runOnlyForDeploymentPostprocessing = 0;
		};
/* End PBXFrameworksBuildPhase section */

/* Begin PBXGroup section */
		732A613A2A94293200A22ABF = {
			isa = PBXGroup;
			children = (
				732A61452A94293200A22ABF /* CuisineConnect */,
				732A61562A94293700A22ABF /* CuisineConnectTests */,
				732A61602A94293700A22ABF /* CuisineConnectUITests */,
				732A61442A94293200A22ABF /* Products */,
			);
			sourceTree = "<group>";
		};
		732A61442A94293200A22ABF /* Products */ = {
			isa = PBXGroup;
			children = (
				732A61432A94293200A22ABF /* CuisineConnect.app */,
				732A61532A94293700A22ABF /* CuisineConnectTests.xctest */,
				732A615D2A94293700A22ABF /* CuisineConnectUITests.xctest */,
			);
			name = Products;
			sourceTree = "<group>";
		};
		732A61452A94293200A22ABF /* CuisineConnect */ = {
			isa = PBXGroup;
			children = (
				732A61462A94293200A22ABF /* CuisineConnectApp.swift */,
				732A61482A94293200A22ABF /* ContentView.swift */,
				732A614A2A94293700A22ABF /* Assets.xcassets */,
				732A614C2A94293700A22ABF /* Preview Content */,
			);
			path = CuisineConnect;
			sourceTree = "<group>";
		};
		732A614C2A94293700A22ABF /* Preview Content */ = {
			isa = PBXGroup;
			children = (
				732A614D2A94293700A22ABF /* Preview Assets.xcassets */,
			);
			path = "Preview Content";
			sourceTree = "<group>";
		};
		732A61562A94293700A22ABF /* CuisineConnectTests */ = {
			isa = PBXGroup;
			children = (
				732A61572A94293700A22ABF /* CuisineConnectTests.swift */,
			);
			path = CuisineConnectTests;
			sourceTree = "<group>";
		};
		732A61602A94293700A22ABF /* CuisineConnectUITests */ = {
			isa = PBXGroup;
			children = (
				732A61612A94293700A22ABF /* CuisineConnectUITests.swift */,
				732A61632A94293700A22ABF /* CuisineConnectUITestsLaunchTests.swift */,
			);
			path = CuisineConnectUITests;
			sourceTree = "<group>";
		};
/* End PBXGroup section */

/* Begin PBXNativeTarget section */
		732A61422A94293200A22ABF /* CuisineConnect */ = {
			isa = PBXNativeTarget;
			buildConfigurationList = 732A61672A94293700A22ABF /* Build configuration list for PBXNativeTarget "CuisineConnect" */;
			buildPhases = (
				732A613F2A94293200A22ABF /* Sources */,
				732A61402A94293200A22ABF /* Frameworks */,
				732A61412A94293200A22ABF /* Resources */,
			);
			buildRules = (
			);
			dependencies = (
			);
			name = CuisineConnect;
			productName = CuisineConnect;
			productReference = 732A61432A94293200A22ABF /* CuisineConnect.app */;
			productType = "com.apple.product-type.application";
		};
		732A61522A94293700A22ABF /* CuisineConnectTests */ = {
			isa = PBXNativeTarget;
			buildConfigurationList = 732A616A2A94293700A22ABF /* Build configuration list for PBXNativeTarget "CuisineConnectTests" */;
			buildPhases = (
				732A614F2A94293700A22ABF /* Sources */,
				732A61502A94293700A22ABF /* Frameworks */,
				732A61512A94293700A22ABF /* Resources */,
			);
			buildRules = (
			);
			dependencies = (
				732A61552A94293700A22ABF /* PBXTargetDependency */,
			);
			name = CuisineConnectTests;
			productName = CuisineConnectTests;
			productReference = 732A61532A94293700A22ABF /* CuisineConnectTests.xctest */;
			productType = "com.apple.product-type.bundle.unit-test";
		};
		732A615C2A94293700A22ABF /* CuisineConnectUITests */ = {
			isa = PBXNativeTarget;
			buildConfigurationList = 732A616D2A94293700A22ABF /* Build configuration list for PBXNativeTarget "CuisineConnectUITests" */;
			buildPhases = (
				732A61592A94293700A22ABF /* Sources */,
				732A615A2A94293700A22ABF /* Frameworks */,
				732A615B2A94293700A22ABF /* Resources */,
			);
			buildRules = (
			);
			dependencies = (
				732A615F2A94293700A22ABF /* PBXTargetDependency */,
			);
			name = CuisineConnectUITests;
			productName = CuisineConnectUITests;
			productReference = 732A615D2A94293700A22ABF /* CuisineConnectUITests.xctest */;
			productType = "com.apple.product-type.bundle.ui-testing";
		};
/* End PBXNativeTarget section */

/* Begin PBXProject section */
		732A613B2A94293200A22ABF /* Project object */ = {
			isa = PBXProject;
			attributes = {
				BuildIndependentTargetsInParallel = 1;
				LastSwiftUpdateCheck = 1430;
				LastUpgradeCheck = 1430;
				TargetAttributes = {
					732A61422A94293200A22ABF = {
						CreatedOnToolsVersion = 14.3.1;
					};
					732A61522A94293700A22ABF = {
						CreatedOnToolsVersion = 14.3.1;
						TestTargetID = 732A61422A94293200A22ABF;
					};
					732A615C2A94293700A22ABF = {
						CreatedOnToolsVersion = 14.3.1;
						TestTargetID = 732A61422A94293200A22ABF;
					};
				};
			};
			buildConfigurationList = 732A613E2A94293200A22ABF /* Build configuration list for PBXProject "CuisineConnect" */;
			compatibilityVersion = "Xcode 14.0";
			developmentRegion = en;
			hasScannedForEncodings = 0;
			knownRegions = (
				en,
				Base,
			);
			mainGroup = 732A613A2A94293200A22ABF;
			productRefGroup = 732A61442A94293200A22ABF /* Products */;
			projectDirPath = "";
			projectRoot = "";
			targets = (
				732A61422A94293200A22ABF /* CuisineConnect */,
				732A61522A94293700A22ABF /* CuisineConnectTests */,
				732A615C2A94293700A22ABF /* CuisineConnectUITests */,
			);
		};
/* End PBXProject section */

/* Begin PBXResourcesBuildPhase section */
		732A61412A94293200A22ABF /* Resources */ = {
			isa = PBXResourcesBuildPhase;
			buildActionMask = 2147483647;
			files = (
				732A614E2A94293700A22ABF /* Preview Assets.xcassets in Resources */,
				732A614B2A94293700A22ABF /* Assets.xcassets in Resources */,
			);
			runOnlyForDeploymentPostprocessing = 0;
		};
		732A61512A94293700A22ABF /* Resources */ = {
			isa = PBXResourcesBuildPhase;
			buildActionMask = 2147483647;
			files = (
			);
			runOnlyForDeploymentPostprocessing = 0;
		};
		732A615B2A94293700A22ABF /* Resources */ = {
			isa = PBXResourcesBuildPhase;
			buildActionMask = 2147483647;
			files = (
			);
			runOnlyForDeploymentPostprocessing = 0;
		};
/* End PBXResourcesBuildPhase section */

/* Begin PBXSourcesBuildPhase section */
		732A613F2A94293200A22ABF /* Sources */ = {
			isa = PBXSourcesBuildPhase;
			buildActionMask = 2147483647;
			files = (
				732A61492A94293200A22ABF /* ContentView.swift in Sources */,
				732A61472A94293200A22ABF /* CuisineConnectApp.swift in Sources */,
			);
			runOnlyForDeploymentPostprocessing = 0;
		};
		732A614F2A94293700A22ABF /* Sources */ = {
			isa = PBXSourcesBuildPhase;
			buildActionMask = 2147483647;
			files = (
				732A61582A94293700A22ABF /* CuisineConnectTests.swift in Sources */,
			);
			runOnlyForDeploymentPostprocessing = 0;
		};
		732A61592A94293700A22ABF /* Sources */ = {
			isa = PBXSourcesBuildPhase;
			buildActionMask = 2147483647;
			files = (
				732A61642A94293700A22ABF /* CuisineConnectUITestsLaunchTests.swift in Sources */,
				732A61622A94293700A22ABF /* CuisineConnectUITests.swift in Sources */,
			);
			runOnlyForDeploymentPostprocessing = 0;
		};
/* End PBXSourcesBuildPhase section */

/* Begin PBXTargetDependency section */
		732A61552A94293700A22ABF /* PBXTargetDependency */ = {
			isa = PBXTargetDependency;
			target = 732A61422A94293200A22ABF /* CuisineConnect */;
			targetProxy = 732A61542A94293700A22ABF /* PBXContainerItemProxy */;
		};
		732A615F2A94293700A22ABF /* PBXTargetDependency */ = {
			isa = PBXTargetDependency;
			target = 732A61422A94293200A22ABF /* CuisineConnect */;
			targetProxy = 732A615E2A94293700A22ABF /* PBXContainerItemProxy */;
		};
/* End PBXTargetDependency section */

/* Begin XCBuildConfiguration section */
		732A61652A94293700A22ABF /* Debug */ = {
			isa = XCBuildConfiguration;
			buildSettings = {
				ALWAYS_SEARCH_USER_PATHS = NO;
				CLANG_ANALYZER_NONNULL = YES;
				CLANG_ANALYZER_NUMBER_OBJECT_CONVERSION = YES_AGGRESSIVE;
				CLANG_CXX_LANGUAGE_STANDARD = "gnu++20";
				CLANG_ENABLE_MODULES = YES;
				CLANG_ENABLE_OBJC_ARC = YES;
				CLANG_ENABLE_OBJC_WEAK = YES;
				CLANG_WARN_BLOCK_CAPTURE_AUTORELEASING = YES;
				CLANG_WARN_BOOL_CONVERSION = YES;
				CLANG_WARN_COMMA = YES;
				CLANG_WARN_CONSTANT_CONVERSION = YES;
				CLANG_WARN_DEPRECATED_OBJC_IMPLEMENTATIONS = YES;
				CLANG_WARN_DIRECT_OBJC_ISA_USAGE = YES_ERROR;
				CLANG_WARN_DOCUMENTATION_COMMENTS = YES;
				CLANG_WARN_EMPTY_BODY = YES;
				CLANG_WARN_ENUM_CONVERSION = YES;
				CLANG_WARN_INFINITE_RECURSION = YES;
				CLANG_WARN_INT_CONVERSION = YES;
				CLANG_WARN_NON_LITERAL_NULL_CONVERSION = YES;
				CLANG_WARN_OBJC_IMPLICIT_RETAIN_SELF = YES;
				CLANG_WARN_OBJC_LITERAL_CONVERSION = YES;
				CLANG_WARN_OBJC_ROOT_CLASS = YES_ERROR;
				CLANG_WARN_QUOTED_INCLUDE_IN_FRAMEWORK_HEADER = YES;
				CLANG_WARN_RANGE_LOOP_ANALYSIS = YES;
				CLANG_WARN_STRICT_PROTOTYPES = YES;
				CLANG_WARN_SUSPICIOUS_MOVE = YES;
				CLANG_WARN_UNGUARDED_AVAILABILITY = YES_AGGRESSIVE;
				CLANG_WARN_UNREACHABLE_CODE = YES;
				CLANG_WARN__DUPLICATE_METHOD_MATCH = YES;
				COPY_PHASE_STRIP = NO;
				DEBUG_INFORMATION_FORMAT = dwarf;
				ENABLE_STRICT_OBJC_MSGSEND = YES;
				ENABLE_TESTABILITY = YES;
				GCC_C_LANGUAGE_STANDARD = gnu11;
				GCC_DYNAMIC_NO_PIC = NO;
				GCC_NO_COMMON_BLOCKS = YES;
				GCC_OPTIMIZATION_LEVEL = 0;
				GCC_PREPROCESSOR_DEFINITIONS = (
					"DEBUG=1",
					"$(inherited)",
				);
				GCC_WARN_64_TO_32_BIT_CONVERSION = YES;
				GCC_WARN_ABOUT_RETURN_TYPE = YES_ERROR;
				GCC_WARN_UNDECLARED_SELECTOR = YES;
				GCC_WARN_UNINITIALIZED_AUTOS = YES_AGGRESSIVE;
				GCC_WARN_UNUSED_FUNCTION = YES;
				GCC_WARN_UNUSED_VARIABLE = YES;
				IPHONEOS_DEPLOYMENT_TARGET = 16.4;
				MTL_ENABLE_DEBUG_INFO = INCLUDE_SOURCE;
				MTL_FAST_MATH = YES;
				ONLY_ACTIVE_ARCH = YES;
				SDKROOT = iphoneos;
				SWIFT_ACTIVE_COMPILATION_CONDITIONS = DEBUG;
				SWIFT_OPTIMIZATION_LEVEL = "-Onone";
			};
			name = Debug;
		};
		732A61662A94293700A22ABF /* Release */ = {
			isa = XCBuildConfiguration;
			buildSettings = {
				ALWAYS_SEARCH_USER_PATHS = NO;
				CLANG_ANALYZER_NONNULL = YES;
				CLANG_ANALYZER_NUMBER_OBJECT_CONVERSION = YES_AGGRESSIVE;
				CLANG_CXX_LANGUAGE_STANDARD = "gnu++20";
				CLANG_ENABLE_MODULES = YES;
				CLANG_ENABLE_OBJC_ARC = YES;
				CLANG_ENABLE_OBJC_WEAK = YES;
				CLANG_WARN_BLOCK_CAPTURE_AUTORELEASING = YES;
				CLANG_WARN_BOOL_CONVERSION = YES;
				CLANG_WARN_COMMA = YES;
				CLANG_WARN_CONSTANT_CONVERSION = YES;
				CLANG_WARN_DEPRECATED_OBJC_IMPLEMENTATIONS = YES;
				CLANG_WARN_DIRECT_OBJC_ISA_USAGE = YES_ERROR;
				CLANG_WARN_DOCUMENTATION_COMMENTS = YES;
				CLANG_WARN_EMPTY_BODY = YES;
				CLANG_WARN_ENUM_CONVERSION = YES;
				CLANG_WARN_INFINITE_RECURSION = YES;
				CLANG_WARN_INT_CONVERSION = YES;
				CLANG_WARN_NON_LITERAL_NULL_CONVERSION = YES;
				CLANG_WARN_OBJC_IMPLICIT_RETAIN_SELF = YES;
				CLANG_WARN_OBJC_LITERAL_CONVERSION = YES;
				CLANG_WARN_OBJC_ROOT_CLASS = YES_ERROR;
				CLANG_WARN_QUOTED_INCLUDE_IN_FRAMEWORK_HEADER = YES;
				CLANG_WARN_RANGE_LOOP_ANALYSIS = YES;
				CLANG_WARN_STRICT_PROTOTYPES = YES;
				CLANG_WARN_SUSPICIOUS_MOVE = YES;
				CLANG_WARN_UNGUARDED_AVAILABILITY = YES_AGGRESSIVE;
				CLANG_WARN_UNREACHABLE_CODE = YES;
				CLANG_WARN__DUPLICATE_METHOD_MATCH = YES;
				COPY_PHASE_STRIP = NO;
				DEBUG_INFORMATION_FORMAT = "dwarf-with-dsym";
				ENABLE_NS_ASSERTIONS = NO;
				ENABLE_STRICT_OBJC_MSGSEND = YES;
				GCC_C_LANGUAGE_STANDARD = gnu11;
				GCC_NO_COMMON_BLOCKS = YES;
				GCC_WARN_64_TO_32_BIT_CONVERSION = YES;
				GCC_WARN_ABOUT_RETURN_TYPE = YES_ERROR;
				GCC_WARN_UNDECLARED_SELECTOR = YES;
				GCC_WARN_UNINITIALIZED_AUTOS = YES_AGGRESSIVE;
				GCC_WARN_UNUSED_FUNCTION = YES;
				GCC_WARN_UNUSED_VARIABLE = YES;
				IPHONEOS_DEPLOYMENT_TARGET = 16.4;
				MTL_ENABLE_DEBUG_INFO = NO;
				MTL_FAST_MATH = YES;
				SDKROOT = iphoneos;
				SWIFT_COMPILATION_MODE = wholemodule;
				SWIFT_OPTIMIZATION_LEVEL = "-O";
				VALIDATE_PRODUCT = YES;
			};
			name = Release;
		};
		732A61682A94293700A22ABF /* Debug */ = {
			isa = XCBuildConfiguration;
			buildSettings = {
				ASSETCATALOG_COMPILER_APPICON_NAME = AppIcon;
				ASSETCATALOG_COMPILER_GLOBAL_ACCENT_COLOR_NAME = AccentColor;
				CODE_SIGN_STYLE = Automatic;
				CURRENT_PROJECT_VERSION = 1;
				DEVELOPMENT_ASSET_PATHS = "\"CuisineConnect/Preview Content\"";
				DEVELOPMENT_TEAM = K8965877YG;
				ENABLE_PREVIEWS = YES;
				GENERATE_INFOPLIST_FILE = YES;
				INFOPLIST_KEY_UIApplicationSceneManifest_Generation = YES;
				INFOPLIST_KEY_UIApplicationSupportsIndirectInputEvents = YES;
				INFOPLIST_KEY_UILaunchScreen_Generation = YES;
				INFOPLIST_KEY_UISupportedInterfaceOrientations_iPad = "UIInterfaceOrientationPortrait UIInterfaceOrientationPortraitUpsideDown UIInterfaceOrientationLandscapeLeft UIInterfaceOrientationLandscapeRight";
				INFOPLIST_KEY_UISupportedInterfaceOrientations_iPhone = "UIInterfaceOrientationPortrait UIInterfaceOrientationLandscapeLeft UIInterfaceOrientationLandscapeRight";
				LD_RUNPATH_SEARCH_PATHS = (
					"$(inherited)",
					"@executable_path/Frameworks",
				);
				MARKETING_VERSION = 1.0;
				PRODUCT_BUNDLE_IDENTIFIER = com.CuisineConnect;
				PRODUCT_NAME = "$(TARGET_NAME)";
				SWIFT_EMIT_LOC_STRINGS = YES;
				SWIFT_VERSION = 5.0;
				TARGETED_DEVICE_FAMILY = "1,2";
			};
			name = Debug;
		};
		732A61692A94293700A22ABF /* Release */ = {
			isa = XCBuildConfiguration;
			buildSettings = {
				ASSETCATALOG_COMPILER_APPICON_NAME = AppIcon;
				ASSETCATALOG_COMPILER_GLOBAL_ACCENT_COLOR_NAME = AccentColor;
				CODE_SIGN_STYLE = Automatic;
				CURRENT_PROJECT_VERSION = 1;
				DEVELOPMENT_ASSET_PATHS = "\"CuisineConnect/Preview Content\"";
				DEVELOPMENT_TEAM = K8965877YG;
				ENABLE_PREVIEWS = YES;
				GENERATE_INFOPLIST_FILE = YES;
				INFOPLIST_KEY_UIApplicationSceneManifest_Generation = YES;
				INFOPLIST_KEY_UIApplicationSupportsIndirectInputEvents = YES;
				INFOPLIST_KEY_UILaunchScreen_Generation = YES;
				INFOPLIST_KEY_UISupportedInterfaceOrientations_iPad = "UIInterfaceOrientationPortrait UIInterfaceOrientationPortraitUpsideDown UIInterfaceOrientationLandscapeLeft UIInterfaceOrientationLandscapeRight";
				INFOPLIST_KEY_UISupportedInterfaceOrientations_iPhone = "UIInterfaceOrientationPortrait UIInterfaceOrientationLandscapeLeft UIInterfaceOrientationLandscapeRight";
				LD_RUNPATH_SEARCH_PATHS = (
					"$(inherited)",
					"@executable_path/Frameworks",
				);
				MARKETING_VERSION = 1.0;
				PRODUCT_BUNDLE_IDENTIFIER = com.CuisineConnect;
				PRODUCT_NAME = "$(TARGET_NAME)";
				SWIFT_EMIT_LOC_STRINGS = YES;
				SWIFT_VERSION = 5.0;
				TARGETED_DEVICE_FAMILY = "1,2";
			};
			name = Release;
		};
		732A616B2A94293700A22ABF /* Debug */ = {
			isa = XCBuildConfiguration;
			buildSettings = {
				ALWAYS_EMBED_SWIFT_STANDARD_LIBRARIES = YES;
				BUNDLE_LOADER = "$(TEST_HOST)";
				CODE_SIGN_STYLE = Automatic;
				CURRENT_PROJECT_VERSION = 1;
				DEVELOPMENT_TEAM = K8965877YG;
				GENERATE_INFOPLIST_FILE = YES;
				IPHONEOS_DEPLOYMENT_TARGET = 16.4;
				MARKETING_VERSION = 1.0;
				PRODUCT_BUNDLE_IDENTIFIER = com.CuisineConnectTests;
				PRODUCT_NAME = "$(TARGET_NAME)";
				SWIFT_EMIT_LOC_STRINGS = NO;
				SWIFT_VERSION = 5.0;
				TARGETED_DEVICE_FAMILY = "1,2";
				TEST_HOST = "$(BUILT_PRODUCTS_DIR)/CuisineConnect.app/$(BUNDLE_EXECUTABLE_FOLDER_PATH)/CuisineConnect";
			};
			name = Debug;
		};
		732A616C2A94293700A22ABF /* Release */ = {
			isa = XCBuildConfiguration;
			buildSettings = {
				ALWAYS_EMBED_SWIFT_STANDARD_LIBRARIES = YES;
				BUNDLE_LOADER = "$(TEST_HOST)";
				CODE_SIGN_STYLE = Automatic;
				CURRENT_PROJECT_VERSION = 1;
				DEVELOPMENT_TEAM = K8965877YG;
				GENERATE_INFOPLIST_FILE = YES;
				IPHONEOS_DEPLOYMENT_TARGET = 16.4;
				MARKETING_VERSION = 1.0;
				PRODUCT_BUNDLE_IDENTIFIER = com.CuisineConnectTests;
				PRODUCT_NAME = "$(TARGET_NAME)";
				SWIFT_EMIT_LOC_STRINGS = NO;
				SWIFT_VERSION = 5.0;
				TARGETED_DEVICE_FAMILY = "1,2";
				TEST_HOST = "$(BUILT_PRODUCTS_DIR)/CuisineConnect.app/$(BUNDLE_EXECUTABLE_FOLDER_PATH)/CuisineConnect";
			};
			name = Release;
		};
		732A616E2A94293700A22ABF /* Debug */ = {
			isa = XCBuildConfiguration;
			buildSettings = {
				ALWAYS_EMBED_SWIFT_STANDARD_LIBRARIES = YES;
				CODE_SIGN_STYLE = Automatic;
				CURRENT_PROJECT_VERSION = 1;
				DEVELOPMENT_TEAM = K8965877YG;
				GENERATE_INFOPLIST_FILE = YES;
				MARKETING_VERSION = 1.0;
				PRODUCT_BUNDLE_IDENTIFIER = com.CuisineConnectUITests;
				PRODUCT_NAME = "$(TARGET_NAME)";
				SWIFT_EMIT_LOC_STRINGS = NO;
				SWIFT_VERSION = 5.0;
				TARGETED_DEVICE_FAMILY = "1,2";
				TEST_TARGET_NAME = CuisineConnect;
			};
			name = Debug;
		};
		732A616F2A94293700A22ABF /* Release */ = {
			isa = XCBuildConfiguration;
			buildSettings = {
				ALWAYS_EMBED_SWIFT_STANDARD_LIBRARIES = YES;
				CODE_SIGN_STYLE = Automatic;
				CURRENT_PROJECT_VERSION = 1;
				DEVELOPMENT_TEAM = K8965877YG;
				GENERATE_INFOPLIST_FILE = YES;
				MARKETING_VERSION = 1.0;
				PRODUCT_BUNDLE_IDENTIFIER = com.CuisineConnectUITests;
				PRODUCT_NAME = "$(TARGET_NAME)";
				SWIFT_EMIT_LOC_STRINGS = NO;
				SWIFT_VERSION = 5.0;
				TARGETED_DEVICE_FAMILY = "1,2";
				TEST_TARGET_NAME = CuisineConnect;
			};
			name = Release;
		};
/* End XCBuildConfiguration section */

/* Begin XCConfigurationList section */
		732A613E2A94293200A22ABF /* Build configuration list for PBXProject "CuisineConnect" */ = {
			isa = XCConfigurationList;
			buildConfigurations = (
				732A61652A94293700A22ABF /* Debug */,
				732A61662A94293700A22ABF /* Release */,
			);
			defaultConfigurationIsVisible = 0;
			defaultConfigurationName = Release;
		};
		732A61672A94293700A22ABF /* Build configuration list for PBXNativeTarget "CuisineConnect" */ = {
			isa = XCConfigurationList;
			buildConfigurations = (
				732A61682A94293700A22ABF /* Debug */,
				732A61692A94293700A22ABF /* Release */,
			);
			defaultConfigurationIsVisible = 0;
			defaultConfigurationName = Release;
		};
		732A616A2A94293700A22ABF /* Build configuration list for PBXNativeTarget "CuisineConnectTests" */ = {
			isa = XCConfigurationList;
			buildConfigurations = (
				732A616B2A94293700A22ABF /* Debug */,
				732A616C2A94293700A22ABF /* Release */,
			);
			defaultConfigurationIsVisible = 0;
			defaultConfigurationName = Release;
		};
		732A616D2A94293700A22ABF /* Build configuration list for PBXNativeTarget "CuisineConnectUITests" */ = {
			isa = XCConfigurationList;
			buildConfigurations = (
				732A616E2A94293700A22ABF /* Debug */,
				732A616F2A94293700A22ABF /* Release */,
			);
			defaultConfigurationIsVisible = 0;
			defaultConfigurationName = Release;
		};
/* End XCConfigurationList section */
	};
	rootObject = 732A613B2A94293200A22ABF /* Project object */;
}
